
Microsoft Visual Studio Solution File, Format Version 12.00
# Visual Studio Version 16
VisualStudioVersion = 16.0.29123.88
MinimumVisualStudioVersion = 10.0.40219.1
Project("{FAE04EC0-301F-11D3-BF4B-00C04F79EFBC}") = "ToDoListWebPage", "ToDoListWebPage\ToDoListWebPage.csproj", "{1B64A03F-F503-454B-BDD7-738C1025BEC5}"
EndProject
Global
	GlobalSection(SolutionConfigurationPlatforms) = preSolution
		Debug|Any CPU = Debug|Any CPU
		Release|Any CPU = Release|Any CPU
	EndGlobalSection
	GlobalSection(ProjectConfigurationPlatforms) = postSolution
		{1B64A03F-F503-454B-BDD7-738C1025BEC5}.Debug|Any CPU.ActiveCfg = Debug|Any CPU
		{1B64A03F-F503-454B-BDD7-738C1025BEC5}.Debug|Any CPU.Build.0 = Debug|Any CPU
		{1B64A03F-F503-454B-BDD7-738C1025BEC5}.Release|Any CPU.ActiveCfg = Release|Any CPU
		{1B64A03F-F503-454B-BDD7-738C1025BEC5}.Release|Any CPU.Build.0 = Release|Any CPU
	EndGlobalSection
	GlobalSection(SolutionProperties) = preSolution
		HideSolutionNode = FALSE
	EndGlobalSection
	GlobalSection(ExtensibilityGlobals) = postSolution
		SolutionGuid = {AC7CCE6D-A314-4C31-90DC-7A727A618E6D}
	EndGlobalSection
EndGlobal
